
Microsoft Visual Studio Solution File, Format Version 12.00
# Visual Studio Version 17
VisualStudioVersion = 17.13.35931.197 d17.13
MinimumVisualStudioVersion = 10.0.40219.1
Project("{F184B08F-C81C-45F6-A57F-5ABD9991F28F}") = "PAGE_REP_ALGO_SIMULATION", "PAGE_REP_ALGO_SIMULATION\PAGE_REP_ALGO_SIMULATION.vbproj", "{E8154762-5242-49B0-AEDB-4629198460A9}"
EndProject
Global
	GlobalSection(SolutionConfigurationPlatforms) = preSolution
		Debug|Any CPU = Debug|Any CPU
		Release|Any CPU = Release|Any CPU
	EndGlobalSection
	GlobalSection(ProjectConfigurationPlatforms) = postSolution
		{E8154762-5242-49B0-AEDB-4629198460A9}.Debug|Any CPU.ActiveCfg = Debug|Any CPU
		{E8154762-5242-49B0-AEDB-4629198460A9}.Debug|Any CPU.Build.0 = Debug|Any CPU
		{E8154762-5242-49B0-AEDB-4629198460A9}.Release|Any CPU.ActiveCfg = Release|Any CPU
		{E8154762-5242-49B0-AEDB-4629198460A9}.Release|Any CPU.Build.0 = Release|Any CPU
	EndGlobalSection
	GlobalSection(SolutionProperties) = preSolution
		HideSolutionNode = FALSE
	EndGlobalSection
	GlobalSection(ExtensibilityGlobals) = postSolution
		SolutionGuid = {618DCB6C-924E-4F21-9B29-36639EA34C8F}
	EndGlobalSection
EndGlobal
